
Microsoft Visual Studio Solution File, Format Version 12.00
# Visual Studio Version 16
VisualStudioVersion = 16.0.31129.286
MinimumVisualStudioVersion = 10.0.40219.1
Project("{FAE04EC0-301F-11D3-BF4B-00C04F79EFBC}") = "PhoneConnector", "PhoneConnector\PhoneConnector.csproj", "{A082929F-11D2-4E1A-B4C7-87BE06DB6F6D}"
EndProject
Global
	GlobalSection(SolutionConfigurationPlatforms) = preSolution
		Debug|Any CPU = Debug|Any CPU
		Release|Any CPU = Release|Any CPU
	EndGlobalSection
	GlobalSection(ProjectConfigurationPlatforms) = postSolution
		{A082929F-11D2-4E1A-B4C7-87BE06DB6F6D}.Debug|Any CPU.ActiveCfg = Debug|Any CPU
		{A082929F-11D2-4E1A-B4C7-87BE06DB6F6D}.Debug|Any CPU.Build.0 = Debug|Any CPU
		{A082929F-11D2-4E1A-B4C7-87BE06DB6F6D}.Release|Any CPU.ActiveCfg = Release|Any CPU
		{A082929F-11D2-4E1A-B4C7-87BE06DB6F6D}.Release|Any CPU.Build.0 = Release|Any CPU
	EndGlobalSection
	GlobalSection(SolutionProperties) = preSolution
		HideSolutionNode = FALSE
	EndGlobalSection
	GlobalSection(ExtensibilityGlobals) = postSolution
		SolutionGuid = {6B20AE69-B139-4077-A061-CCD5238A5B05}
	EndGlobalSection
EndGlobal
